
Microsoft Visual Studio Solution File, Format Version 12.00
# Visual Studio Version 16
VisualStudioVersion = 16.0.31729.503
MinimumVisualStudioVersion = 10.0.40219.1
Project("{FAE04EC0-301F-11D3-BF4B-00C04F79EFBC}") = "DraftLabDotNET4Point8", "DraftLab\DraftLabDotNET4Point8.csproj", "{5BE94016-A018-4719-B7DB-5BFA1FA17C77}"
EndProject
Project("{FAE04EC0-301F-11D3-BF4B-00C04F79EFBC}") = "DraftLabDotNET5", "Exercises\DraftLabDotNET5.csproj", "{3C2D1A03-D50C-40DF-87B2-5692B2C12C49}"
EndProject
Global
	GlobalSection(SolutionConfigurationPlatforms) = preSolution
		Debug|Any CPU = Debug|Any CPU
		Release|Any CPU = Release|Any CPU
	EndGlobalSection
	GlobalSection(ProjectConfigurationPlatforms) = postSolution
		{5BE94016-A018-4719-B7DB-5BFA1FA17C77}.Debug|Any CPU.ActiveCfg = Debug|Any CPU
		{5BE94016-A018-4719-B7DB-5BFA1FA17C77}.Debug|Any CPU.Build.0 = Debug|Any CPU
		{5BE94016-A018-4719-B7DB-5BFA1FA17C77}.Release|Any CPU.ActiveCfg = Release|Any CPU
		{5BE94016-A018-4719-B7DB-5BFA1FA17C77}.Release|Any CPU.Build.0 = Release|Any CPU
		{3C2D1A03-D50C-40DF-87B2-5692B2C12C49}.Debug|Any CPU.ActiveCfg = Debug|Any CPU
		{3C2D1A03-D50C-40DF-87B2-5692B2C12C49}.Debug|Any CPU.Build.0 = Debug|Any CPU
		{3C2D1A03-D50C-40DF-87B2-5692B2C12C49}.Release|Any CPU.ActiveCfg = Release|Any CPU
		{3C2D1A03-D50C-40DF-87B2-5692B2C12C49}.Release|Any CPU.Build.0 = Release|Any CPU
	EndGlobalSection
	GlobalSection(SolutionProperties) = preSolution
		HideSolutionNode = FALSE
	EndGlobalSection
	GlobalSection(ExtensibilityGlobals) = postSolution
		SolutionGuid = {6E2D54E0-5403-45A6-8C1F-18DFB886F423}
	EndGlobalSection
EndGlobal
